
Microsoft Visual Studio Solution File, Format Version 12.00
# Visual Studio 15
VisualStudioVersion = 15.0.27703.2047
MinimumVisualStudioVersion = 10.0.40219.1
Project("{FAE04EC0-301F-11D3-BF4B-00C04F79EFBC}") = "tallerapis.apis", "tallerapis.apis\tallerapis.apis.csproj", "{289FC6F2-1F0D-4820-83FE-0B68CEB84C11}"
EndProject
Global
	GlobalSection(SolutionConfigurationPlatforms) = preSolution
		Debug|Any CPU = Debug|Any CPU
		Release|Any CPU = Release|Any CPU
	EndGlobalSection
	GlobalSection(ProjectConfigurationPlatforms) = postSolution
		{289FC6F2-1F0D-4820-83FE-0B68CEB84C11}.Debug|Any CPU.ActiveCfg = Debug|Any CPU
		{289FC6F2-1F0D-4820-83FE-0B68CEB84C11}.Debug|Any CPU.Build.0 = Debug|Any CPU
		{289FC6F2-1F0D-4820-83FE-0B68CEB84C11}.Release|Any CPU.ActiveCfg = Release|Any CPU
		{289FC6F2-1F0D-4820-83FE-0B68CEB84C11}.Release|Any CPU.Build.0 = Release|Any CPU
	EndGlobalSection
	GlobalSection(SolutionProperties) = preSolution
		HideSolutionNode = FALSE
	EndGlobalSection
	GlobalSection(ExtensibilityGlobals) = postSolution
		SolutionGuid = {4307814E-FC36-4C4A-B1F2-A17976D81919}
	EndGlobalSection
EndGlobal
